// !$*UTF8*$!
{
	archiveVersion = 1;
	classes = {
	};
	objectVersion = 50;
	objects = {

/* Begin PBXBuildFile section */
		187CFB85229FCA0E0002837C /* Details.swift in Sources */ = {isa = PBXBuildFile; fileRef = 187CFB84229FCA0E0002837C /* Details.swift */; };
		18B5FBC2229D04A200B6BDBB /* AppDelegate.swift in Sources */ = {isa = PBXBuildFile; fileRef = 18B5FBC1229D04A200B6BDBB /* AppDelegate.swift */; };
		18B5FBC4229D04A200B6BDBB /* ViewController.swift in Sources */ = {isa = PBXBuildFile; fileRef = 18B5FBC3229D04A200B6BDBB /* ViewController.swift */; };
		18B5FBC7229D04A200B6BDBB /* Main.storyboard in Resources */ = {isa = PBXBuildFile; fileRef = 18B5FBC5229D04A200B6BDBB /* Main.storyboard */; };
		18B5FBC9229D04AE00B6BDBB /* Assets.xcassets in Resources */ = {isa = PBXBuildFile; fileRef = 18B5FBC8229D04AE00B6BDBB /* Assets.xcassets */; };
		18B5FBCC229D04AE00B6BDBB /* LaunchScreen.storyboard in Resources */ = {isa = PBXBuildFile; fileRef = 18B5FBCA229D04AE00B6BDBB /* LaunchScreen.storyboard */; };
		18B5FBD7229D04AE00B6BDBB /* VueSwiftTests.swift in Sources */ = {isa = PBXBuildFile; fileRef = 18B5FBD6229D04AE00B6BDBB /* VueSwiftTests.swift */; };
		18B5FBE2229D04AE00B6BDBB /* VueSwiftUITests.swift in Sources */ = {isa = PBXBuildFile; fileRef = 18B5FBE1229D04AE00B6BDBB /* VueSwiftUITests.swift */; };
		18B5FBF9229D05F000B6BDBB /* extension+View.swift in Sources */ = {isa = PBXBuildFile; fileRef = 18B5FBF8229D05F000B6BDBB /* extension+View.swift */; };
		18B5FC09229D063D00B6BDBB /* CTable.swift in Sources */ = {isa = PBXBuildFile; fileRef = 18B5FC08229D063D00B6BDBB /* CTable.swift */; };
		18B5FC0D229D064500B6BDBB /* CCollection.swift in Sources */ = {isa = PBXBuildFile; fileRef = 18B5FC0B229D064500B6BDBB /* CCollection.swift */; };
		18B5FC19229D06E400B6BDBB /* Router.swift in Sources */ = {isa = PBXBuildFile; fileRef = 18B5FC18229D06E400B6BDBB /* Router.swift */; };
		18B5FC1B229D070800B6BDBB /* Vue.swift in Sources */ = {isa = PBXBuildFile; fileRef = 18B5FC1A229D070800B6BDBB /* Vue.swift */; };
		18B5FC1F229D0B3200B6BDBB /* MainCell.swift in Sources */ = {isa = PBXBuildFile; fileRef = 18B5FC1D229D0B3200B6BDBB /* MainCell.swift */; };
		18B5FC20229D0B3200B6BDBB /* MainVC.swift in Sources */ = {isa = PBXBuildFile; fileRef = 18B5FC1E229D0B3200B6BDBB /* MainVC.swift */; };
		18C0834C229FA423005DC71A /* Main.swift in Sources */ = {isa = PBXBuildFile; fileRef = 18C0834B229FA423005DC71A /* Main.swift */; };
/* End PBXBuildFile section */

/* Begin PBXContainerItemProxy section */
		18B5FBD3229D04AE00B6BDBB /* PBXContainerItemProxy */ = {
			isa = PBXContainerItemProxy;
			containerPortal = 18B5FBB6229D04A200B6BDBB /* Project object */;
			proxyType = 1;
			remoteGlobalIDString = 18B5FBBD229D04A200B6BDBB;
			remoteInfo = VueSwift;
		};
		18B5FBDE229D04AE00B6BDBB /* PBXContainerItemProxy */ = {
			isa = PBXContainerItemProxy;
			containerPortal = 18B5FBB6229D04A200B6BDBB /* Project object */;
			proxyType = 1;
			remoteGlobalIDString = 18B5FBBD229D04A200B6BDBB;
			remoteInfo = VueSwift;
		};
/* End PBXContainerItemProxy section */

/* Begin PBXFileReference section */
		187CFB84229FCA0E0002837C /* Details.swift */ = {isa = PBXFileReference; lastKnownFileType = sourcecode.swift; path = Details.swift; sourceTree = "<group>"; };
		18B5FBBE229D04A200B6BDBB /* VueSwift.app */ = {isa = PBXFileReference; explicitFileType = wrapper.application; includeInIndex = 0; path = VueSwift.app; sourceTree = BUILT_PRODUCTS_DIR; };
		18B5FBC1229D04A200B6BDBB /* AppDelegate.swift */ = {isa = PBXFileReference; lastKnownFileType = sourcecode.swift; path = AppDelegate.swift; sourceTree = "<group>"; };
		18B5FBC3229D04A200B6BDBB /* ViewController.swift */ = {isa = PBXFileReference; lastKnownFileType = sourcecode.swift; path = ViewController.swift; sourceTree = "<group>"; };
		18B5FBC6229D04A200B6BDBB /* Base */ = {isa = PBXFileReference; lastKnownFileType = file.storyboard; name = Base; path = Base.lproj/Main.storyboard; sourceTree = "<group>"; };
		18B5FBC8229D04AE00B6BDBB /* Assets.xcassets */ = {isa = PBXFileReference; lastKnownFileType = folder.assetcatalog; path = Assets.xcassets; sourceTree = "<group>"; };
		18B5FBCB229D04AE00B6BDBB /* Base */ = {isa = PBXFileReference; lastKnownFileType = file.storyboard; name = Base; path = Base.lproj/LaunchScreen.storyboard; sourceTree = "<group>"; };
		18B5FBCD229D04AE00B6BDBB /* Info.plist */ = {isa = PBXFileReference; lastKnownFileType = text.plist.xml; path = Info.plist; sourceTree = "<group>"; };
		18B5FBD2229D04AE00B6BDBB /* VueSwiftTests.xctest */ = {isa = PBXFileReference; explicitFileType = wrapper.cfbundle; includeInIndex = 0; path = VueSwiftTests.xctest; sourceTree = BUILT_PRODUCTS_DIR; };
		18B5FBD6229D04AE00B6BDBB /* VueSwiftTests.swift */ = {isa = PBXFileReference; lastKnownFileType = sourcecode.swift; path = VueSwiftTests.swift; sourceTree = "<group>"; };
		18B5FBD8229D04AE00B6BDBB /* Info.plist */ = {isa = PBXFileReference; lastKnownFileType = text.plist.xml; path = Info.plist; sourceTree = "<group>"; };
		18B5FBDD229D04AE00B6BDBB /* VueSwiftUITests.xctest */ = {isa = PBXFileReference; explicitFileType = wrapper.cfbundle; includeInIndex = 0; path = VueSwiftUITests.xctest; sourceTree = BUILT_PRODUCTS_DIR; };
		18B5FBE1229D04AE00B6BDBB /* VueSwiftUITests.swift */ = {isa = PBXFileReference; lastKnownFileType = sourcecode.swift; path = VueSwiftUITests.swift; sourceTree = "<group>"; };
		18B5FBE3229D04AE00B6BDBB /* Info.plist */ = {isa = PBXFileReference; lastKnownFileType = text.plist.xml; path = Info.plist; sourceTree = "<group>"; };
		18B5FBF8229D05F000B6BDBB /* extension+View.swift */ = {isa = PBXFileReference; fileEncoding = 4; lastKnownFileType = sourcecode.swift; path = "extension+View.swift"; sourceTree = "<group>"; };
		18B5FC08229D063D00B6BDBB /* CTable.swift */ = {isa = PBXFileReference; fileEncoding = 4; lastKnownFileType = sourcecode.swift; path = CTable.swift; sourceTree = "<group>"; };
		18B5FC0B229D064500B6BDBB /* CCollection.swift */ = {isa = PBXFileReference; fileEncoding = 4; lastKnownFileType = sourcecode.swift; path = CCollection.swift; sourceTree = "<group>"; };
		18B5FC18229D06E400B6BDBB /* Router.swift */ = {isa = PBXFileReference; fileEncoding = 4; lastKnownFileType = sourcecode.swift; path = Router.swift; sourceTree = "<group>"; };
		18B5FC1A229D070800B6BDBB /* Vue.swift */ = {isa = PBXFileReference; lastKnownFileType = sourcecode.swift; path = Vue.swift; sourceTree = "<group>"; };
		18B5FC1D229D0B3200B6BDBB /* MainCell.swift */ = {isa = PBXFileReference; fileEncoding = 4; lastKnownFileType = sourcecode.swift; path = MainCell.swift; sourceTree = "<group>"; };
		18B5FC1E229D0B3200B6BDBB /* MainVC.swift */ = {isa = PBXFileReference; fileEncoding = 4; lastKnownFileType = sourcecode.swift; path = MainVC.swift; sourceTree = "<group>"; };
		18C0834B229FA423005DC71A /* Main.swift */ = {isa = PBXFileReference; lastKnownFileType = sourcecode.swift; path = Main.swift; sourceTree = "<group>"; };
/* End PBXFileReference section */

/* Begin PBXFrameworksBuildPhase section */
		18B5FBBB229D04A200B6BDBB /* Frameworks */ = {
			isa = PBXFrameworksBuildPhase;
			buildActionMask = 2147483647;
			files = (
			);
			runOnlyForDeploymentPostprocessing = 0;
		};
		18B5FBCF229D04AE00B6BDBB /* Frameworks */ = {
			isa = PBXFrameworksBuildPhase;
			buildActionMask = 2147483647;
			files = (
			);
			runOnlyForDeploymentPostprocessing = 0;
		};
		18B5FBDA229D04AE00B6BDBB /* Frameworks */ = {
			isa = PBXFrameworksBuildPhase;
			buildActionMask = 2147483647;
			files = (
			);
			runOnlyForDeploymentPostprocessing = 0;
		};
/* End PBXFrameworksBuildPhase section */

/* Begin PBXGroup section */
		187CFB86229FCCE20002837C /* Models */ = {
			isa = PBXGroup;
			children = (
				18B5FC1C229D0B2900B6BDBB /* main */,
				18C0834A229FA1F7005DC71A /* Details */,
			);
			path = Models;
			sourceTree = "<group>";
		};
		18B5FBB5229D04A200B6BDBB = {
			isa = PBXGroup;
			children = (
				18B5FBC0229D04A200B6BDBB /* VueSwift */,
				18B5FBD5229D04AE00B6BDBB /* VueSwiftTests */,
				18B5FBE0229D04AE00B6BDBB /* VueSwiftUITests */,
				18B5FBBF229D04A200B6BDBB /* Products */,
			);
			sourceTree = "<group>";
		};
		18B5FBBF229D04A200B6BDBB /* Products */ = {
			isa = PBXGroup;
			children = (
				18B5FBBE229D04A200B6BDBB /* VueSwift.app */,
				18B5FBD2229D04AE00B6BDBB /* VueSwiftTests.xctest */,
				18B5FBDD229D04AE00B6BDBB /* VueSwiftUITests.xctest */,
			);
			name = Products;
			sourceTree = "<group>";
		};
		18B5FBC0229D04A200B6BDBB /* VueSwift */ = {
			isa = PBXGroup;
			children = (
				18B5FBC1229D04A200B6BDBB /* AppDelegate.swift */,
				18B5FBC3229D04A200B6BDBB /* ViewController.swift */,
				187CFB86229FCCE20002837C /* Models */,
				18C08349229FA1D0005DC71A /* ViewControllers */,
				18C08348229FA1CD005DC71A /* Views */,
				18B5FBEF229D04CB00B6BDBB /* Resources */,
				18B5FBC5229D04A200B6BDBB /* Main.storyboard */,
				18B5FBC8229D04AE00B6BDBB /* Assets.xcassets */,
				18B5FBCA229D04AE00B6BDBB /* LaunchScreen.storyboard */,
				18B5FBCD229D04AE00B6BDBB /* Info.plist */,
			);
			path = VueSwift;
			sourceTree = "<group>";
		};
		18B5FBD5229D04AE00B6BDBB /* VueSwiftTests */ = {
			isa = PBXGroup;
			children = (
				18B5FBD6229D04AE00B6BDBB /* VueSwiftTests.swift */,
				18B5FBD8229D04AE00B6BDBB /* Info.plist */,
			);
			path = VueSwiftTests;
			sourceTree = "<group>";
		};
		18B5FBE0229D04AE00B6BDBB /* VueSwiftUITests */ = {
			isa = PBXGroup;
			children = (
				18B5FBE1229D04AE00B6BDBB /* VueSwiftUITests.swift */,
				18B5FBE3229D04AE00B6BDBB /* Info.plist */,
			);
			path = VueSwiftUITests;
			sourceTree = "<group>";
		};
		18B5FBEF229D04CB00B6BDBB /* Resources */ = {
			isa = PBXGroup;
			children = (
				18B5FBF4229D052500B6BDBB /* Vue */,
				18B5FBF3229D052200B6BDBB /* Router */,
				18B5FBF1229D051C00B6BDBB /* Components */,
				18B5FBF0229D051A00B6BDBB /* extension */,
			);
			path = Resources;
			sourceTree = "<group>";
		};
		18B5FBF0229D051A00B6BDBB /* extension */ = {
			isa = PBXGroup;
			children = (
				18B5FBF8229D05F000B6BDBB /* extension+View.swift */,
			);
			path = extension;
			sourceTree = "<group>";
		};
		18B5FBF1229D051C00B6BDBB /* Components */ = {
			isa = PBXGroup;
			children = (
				18B5FC08229D063D00B6BDBB /* CTable.swift */,
				18B5FC0B229D064500B6BDBB /* CCollection.swift */,
			);
			path = Components;
			sourceTree = "<group>";
		};
		18B5FBF3229D052200B6BDBB /* Router */ = {
			isa = PBXGroup;
			children = (
				18B5FC18229D06E400B6BDBB /* Router.swift */,
			);
			path = Router;
			sourceTree = "<group>";
		};
		18B5FBF4229D052500B6BDBB /* Vue */ = {
			isa = PBXGroup;
			children = (
				18B5FC1A229D070800B6BDBB /* Vue.swift */,
			);
			path = Vue;
			sourceTree = "<group>";
		};
		18B5FC1C229D0B2900B6BDBB /* main */ = {
			isa = PBXGroup;
			children = (
				18C0834B229FA423005DC71A /* Main.swift */,
			);
			path = main;
			sourceTree = "<group>";
		};
		18C08348229FA1CD005DC71A /* Views */ = {
			isa = PBXGroup;
			children = (
				18B5FC1D229D0B3200B6BDBB /* MainCell.swift */,
			);
			path = Views;
			sourceTree = "<group>";
		};
		18C08349229FA1D0005DC71A /* ViewControllers */ = {
			isa = PBXGroup;
			children = (
				18B5FC1E229D0B3200B6BDBB /* MainVC.swift */,
			);
			path = ViewControllers;
			sourceTree = "<group>";
		};
		18C0834A229FA1F7005DC71A /* Details */ = {
			isa = PBXGroup;
			children = (
				187CFB84229FCA0E0002837C /* Details.swift */,
			);
			path = Details;
			sourceTree = "<group>";
		};
/* End PBXGroup section */

/* Begin PBXNativeTarget section */
		18B5FBBD229D04A200B6BDBB /* VueSwift */ = {
			isa = PBXNativeTarget;
			buildConfigurationList = 18B5FBE6229D04AE00B6BDBB /* Build configuration list for PBXNativeTarget "VueSwift" */;
			buildPhases = (
				18B5FBBA229D04A200B6BDBB /* Sources */,
				18B5FBBB229D04A200B6BDBB /* Frameworks */,
				18B5FBBC229D04A200B6BDBB /* Resources */,
			);
			buildRules = (
			);
			dependencies = (
			);
			name = VueSwift;
			productName = VueSwift;
			productReference = 18B5FBBE229D04A200B6BDBB /* VueSwift.app */;
			productType = "com.apple.product-type.application";
		};
		18B5FBD1229D04AE00B6BDBB /* VueSwiftTests */ = {
			isa = PBXNativeTarget;
			buildConfigurationList = 18B5FBE9229D04AE00B6BDBB /* Build configuration list for PBXNativeTarget "VueSwiftTests" */;
			buildPhases = (
				18B5FBCE229D04AE00B6BDBB /* Sources */,
				18B5FBCF229D04AE00B6BDBB /* Frameworks */,
				18B5FBD0229D04AE00B6BDBB /* Resources */,
			);
			buildRules = (
			);
			dependencies = (
				18B5FBD4229D04AE00B6BDBB /* PBXTargetDependency */,
			);
			name = VueSwiftTests;
			productName = VueSwiftTests;
			productReference = 18B5FBD2229D04AE00B6BDBB /* VueSwiftTests.xctest */;
			productType = "com.apple.product-type.bundle.unit-test";
		};
		18B5FBDC229D04AE00B6BDBB /* VueSwiftUITests */ = {
			isa = PBXNativeTarget;
			buildConfigurationList = 18B5FBEC229D04AE00B6BDBB /* Build configuration list for PBXNativeTarget "VueSwiftUITests" */;
			buildPhases = (
				18B5FBD9229D04AE00B6BDBB /* Sources */,
				18B5FBDA229D04AE00B6BDBB /* Frameworks */,
				18B5FBDB229D04AE00B6BDBB /* Resources */,
			);
			buildRules = (
			);
			dependencies = (
				18B5FBDF229D04AE00B6BDBB /* PBXTargetDependency */,
			);
			name = VueSwiftUITests;
			productName = VueSwiftUITests;
			productReference = 18B5FBDD229D04AE00B6BDBB /* VueSwiftUITests.xctest */;
			productType = "com.apple.product-type.bundle.ui-testing";
		};
/* End PBXNativeTarget section */

/* Begin PBXProject section */
		18B5FBB6229D04A200B6BDBB /* Project object */ = {
			isa = PBXProject;
			attributes = {
				LastSwiftUpdateCheck = 1010;
				LastUpgradeCheck = 1010;
				ORGANIZATIONNAME = wyy;
				TargetAttributes = {
					18B5FBBD229D04A200B6BDBB = {
						CreatedOnToolsVersion = 10.1;
					};
					18B5FBD1229D04AE00B6BDBB = {
						CreatedOnToolsVersion = 10.1;
						TestTargetID = 18B5FBBD229D04A200B6BDBB;
					};
					18B5FBDC229D04AE00B6BDBB = {
						CreatedOnToolsVersion = 10.1;
						TestTargetID = 18B5FBBD229D04A200B6BDBB;
					};
				};
			};
			buildConfigurationList = 18B5FBB9229D04A200B6BDBB /* Build configuration list for PBXProject "VueSwift" */;
			compatibilityVersion = "Xcode 9.3";
			developmentRegion = en;
			hasScannedForEncodings = 0;
			knownRegions = (
				en,
				Base,
			);
			mainGroup = 18B5FBB5229D04A200B6BDBB;
			productRefGroup = 18B5FBBF229D04A200B6BDBB /* Products */;
			projectDirPath = "";
			projectRoot = "";
			targets = (
				18B5FBBD229D04A200B6BDBB /* VueSwift */,
				18B5FBD1229D04AE00B6BDBB /* VueSwiftTests */,
				18B5FBDC229D04AE00B6BDBB /* VueSwiftUITests */,
			);
		};
/* End PBXProject section */

/* Begin PBXResourcesBuildPhase section */
		18B5FBBC229D04A200B6BDBB /* Resources */ = {
			isa = PBXResourcesBuildPhase;
			buildActionMask = 2147483647;
			files = (
				18B5FBCC229D04AE00B6BDBB /* LaunchScreen.storyboard in Resources */,
				18B5FBC9229D04AE00B6BDBB /* Assets.xcassets in Resources */,
				18B5FBC7229D04A200B6BDBB /* Main.storyboard in Resources */,
			);
			runOnlyForDeploymentPostprocessing = 0;
		};
		18B5FBD0229D04AE00B6BDBB /* Resources */ = {
			isa = PBXResourcesBuildPhase;
			buildActionMask = 2147483647;
			files = (
			);
			runOnlyForDeploymentPostprocessing = 0;
		};
		18B5FBDB229D04AE00B6BDBB /* Resources */ = {
			isa = PBXResourcesBuildPhase;
			buildActionMask = 2147483647;
			files = (
			);
			runOnlyForDeploymentPostprocessing = 0;
		};
/* End PBXResourcesBuildPhase section */

/* Begin PBXSourcesBuildPhase section */
		18B5FBBA229D04A200B6BDBB /* Sources */ = {
			isa = PBXSourcesBuildPhase;
			buildActionMask = 2147483647;
			files = (
				18B5FBF9229D05F000B6BDBB /* extension+View.swift in Sources */,
				18B5FBC4229D04A200B6BDBB /* ViewController.swift in Sources */,
				18B5FC20229D0B3200B6BDBB /* MainVC.swift in Sources */,
				18B5FBC2229D04A200B6BDBB /* AppDelegate.swift in Sources */,
				187CFB85229FCA0E0002837C /* Details.swift in Sources */,
				18B5FC1F229D0B3200B6BDBB /* MainCell.swift in Sources */,
				18B5FC0D229D064500B6BDBB /* CCollection.swift in Sources */,
				18C0834C229FA423005DC71A /* Main.swift in Sources */,
				18B5FC19229D06E400B6BDBB /* Router.swift in Sources */,
				18B5FC1B229D070800B6BDBB /* Vue.swift in Sources */,
				18B5FC09229D063D00B6BDBB /* CTable.swift in Sources */,
			);
			runOnlyForDeploymentPostprocessing = 0;
		};
		18B5FBCE229D04AE00B6BDBB /* Sources */ = {
			isa = PBXSourcesBuildPhase;
			buildActionMask = 2147483647;
			files = (
				18B5FBD7229D04AE00B6BDBB /* VueSwiftTests.swift in Sources */,
			);
			runOnlyForDeploymentPostprocessing = 0;
		};
		18B5FBD9229D04AE00B6BDBB /* Sources */ = {
			isa = PBXSourcesBuildPhase;
			buildActionMask = 2147483647;
			files = (
				18B5FBE2229D04AE00B6BDBB /* VueSwiftUITests.swift in Sources */,
			);
			runOnlyForDeploymentPostprocessing = 0;
		};
/* End PBXSourcesBuildPhase section */

/* Begin PBXTargetDependency section */
		18B5FBD4229D04AE00B6BDBB /* PBXTargetDependency */ = {
			isa = PBXTargetDependency;
			target = 18B5FBBD229D04A200B6BDBB /* VueSwift */;
			targetProxy = 18B5FBD3229D04AE00B6BDBB /* PBXContainerItemProxy */;
		};
		18B5FBDF229D04AE00B6BDBB /* PBXTargetDependency */ = {
			isa = PBXTargetDependency;
			target = 18B5FBBD229D04A200B6BDBB /* VueSwift */;
			targetProxy = 18B5FBDE229D04AE00B6BDBB /* PBXContainerItemProxy */;
		};
/* End PBXTargetDependency section */

/* Begin PBXVariantGroup section */
		18B5FBC5229D04A200B6BDBB /* Main.storyboard */ = {
			isa = PBXVariantGroup;
			children = (
				18B5FBC6229D04A200B6BDBB /* Base */,
			);
			name = Main.storyboard;
			sourceTree = "<group>";
		};
		18B5FBCA229D04AE00B6BDBB /* LaunchScreen.storyboard */ = {
			isa = PBXVariantGroup;
			children = (
				18B5FBCB229D04AE00B6BDBB /* Base */,
			);
			name = LaunchScreen.storyboard;
			sourceTree = "<group>";
		};
/* End PBXVariantGroup section */

/* Begin XCBuildConfiguration section */
		18B5FBE4229D04AE00B6BDBB /* Debug */ = {
			isa = XCBuildConfiguration;
			buildSettings = {
				ALWAYS_SEARCH_USER_PATHS = NO;
				CLANG_ANALYZER_NONNULL = YES;
				CLANG_ANALYZER_NUMBER_OBJECT_CONVERSION = YES_AGGRESSIVE;
				CLANG_CXX_LANGUAGE_STANDARD = "gnu++14";
				CLANG_CXX_LIBRARY = "libc++";
				CLANG_ENABLE_MODULES = YES;
				CLANG_ENABLE_OBJC_ARC = YES;
				CLANG_ENABLE_OBJC_WEAK = YES;
				CLANG_WARN_BLOCK_CAPTURE_AUTORELEASING = YES;
				CLANG_WARN_BOOL_CONVERSION = YES;
				CLANG_WARN_COMMA = YES;
				CLANG_WARN_CONSTANT_CONVERSION = YES;
				CLANG_WARN_DEPRECATED_OBJC_IMPLEMENTATIONS = YES;
				CLANG_WARN_DIRECT_OBJC_ISA_USAGE = YES_ERROR;
				CLANG_WARN_DOCUMENTATION_COMMENTS = YES;
				CLANG_WARN_EMPTY_BODY = YES;
				CLANG_WARN_ENUM_CONVERSION = YES;
				CLANG_WARN_INFINITE_RECURSION = YES;
				CLANG_WARN_INT_CONVERSION = YES;
				CLANG_WARN_NON_LITERAL_NULL_CONVERSION = YES;
				CLANG_WARN_OBJC_IMPLICIT_RETAIN_SELF = YES;
				CLANG_WARN_OBJC_LITERAL_CONVERSION = YES;
				CLANG_WARN_OBJC_ROOT_CLASS = YES_ERROR;
				CLANG_WARN_RANGE_LOOP_ANALYSIS = YES;
				CLANG_WARN_STRICT_PROTOTYPES = YES;
				CLANG_WARN_SUSPICIOUS_MOVE = YES;
				CLANG_WARN_UNGUARDED_AVAILABILITY = YES_AGGRESSIVE;
				CLANG_WARN_UNREACHABLE_CODE = YES;
				CLANG_WARN__DUPLICATE_METHOD_MATCH = YES;
				CODE_SIGN_IDENTITY = "iPhone Developer";
				COPY_PHASE_STRIP = NO;
				DEBUG_INFORMATION_FORMAT = dwarf;
				ENABLE_STRICT_OBJC_MSGSEND = YES;
				ENABLE_TESTABILITY = YES;
				GCC_C_LANGUAGE_STANDARD = gnu11;
				GCC_DYNAMIC_NO_PIC = NO;
				GCC_NO_COMMON_BLOCKS = YES;
				GCC_OPTIMIZATION_LEVEL = 0;
				GCC_PREPROCESSOR_DEFINITIONS = (
					"DEBUG=1",
					"$(inherited)",
				);
				GCC_WARN_64_TO_32_BIT_CONVERSION = YES;
				GCC_WARN_ABOUT_RETURN_TYPE = YES_ERROR;
				GCC_WARN_UNDECLARED_SELECTOR = YES;
				GCC_WARN_UNINITIALIZED_AUTOS = YES_AGGRESSIVE;
				GCC_WARN_UNUSED_FUNCTION = YES;
				GCC_WARN_UNUSED_VARIABLE = YES;
				IPHONEOS_DEPLOYMENT_TARGET = 12.1;
				MTL_ENABLE_DEBUG_INFO = INCLUDE_SOURCE;
				MTL_FAST_MATH = YES;
				ONLY_ACTIVE_ARCH = YES;
				SDKROOT = iphoneos;
				SWIFT_ACTIVE_COMPILATION_CONDITIONS = DEBUG;
				SWIFT_OPTIMIZATION_LEVEL = "-Onone";
			};
			name = Debug;
		};
		18B5FBE5229D04AE00B6BDBB /* Release */ = {
			isa = XCBuildConfiguration;
			buildSettings = {
				ALWAYS_SEARCH_USER_PATHS = NO;
				CLANG_ANALYZER_NONNULL = YES;
				CLANG_ANALYZER_NUMBER_OBJECT_CONVERSION = YES_AGGRESSIVE;
				CLANG_CXX_LANGUAGE_STANDARD = "gnu++14";
				CLANG_CXX_LIBRARY = "libc++";
				CLANG_ENABLE_MODULES = YES;
				CLANG_ENABLE_OBJC_ARC = YES;
				CLANG_ENABLE_OBJC_WEAK = YES;
				CLANG_WARN_BLOCK_CAPTURE_AUTORELEASING = YES;
				CLANG_WARN_BOOL_CONVERSION = YES;
				CLANG_WARN_COMMA = YES;
				CLANG_WARN_CONSTANT_CONVERSION = YES;
				CLANG_WARN_DEPRECATED_OBJC_IMPLEMENTATIONS = YES;
				CLANG_WARN_DIRECT_OBJC_ISA_USAGE = YES_ERROR;
				CLANG_WARN_DOCUMENTATION_COMMENTS = YES;
				CLANG_WARN_EMPTY_BODY = YES;
				CLANG_WARN_ENUM_CONVERSION = YES;
				CLANG_WARN_INFINITE_RECURSION = YES;
				CLANG_WARN_INT_CONVERSION = YES;
				CLANG_WARN_NON_LITERAL_NULL_CONVERSION = YES;
				CLANG_WARN_OBJC_IMPLICIT_RETAIN_SELF = YES;
				CLANG_WARN_OBJC_LITERAL_CONVERSION = YES;
				CLANG_WARN_OBJC_ROOT_CLASS = YES_ERROR;
				CLANG_WARN_RANGE_LOOP_ANALYSIS = YES;
				CLANG_WARN_STRICT_PROTOTYPES = YES;
				CLANG_WARN_SUSPICIOUS_MOVE = YES;
				CLANG_WARN_UNGUARDED_AVAILABILITY = YES_AGGRESSIVE;
				CLANG_WARN_UNREACHABLE_CODE = YES;
				CLANG_WARN__DUPLICATE_METHOD_MATCH = YES;
				CODE_SIGN_IDENTITY = "iPhone Developer";
				COPY_PHASE_STRIP = NO;
				DEBUG_INFORMATION_FORMAT = "dwarf-with-dsym";
				ENABLE_NS_ASSERTIONS = NO;
				ENABLE_STRICT_OBJC_MSGSEND = YES;
				GCC_C_LANGUAGE_STANDARD = gnu11;
				GCC_NO_COMMON_BLOCKS = YES;
				GCC_WARN_64_TO_32_BIT_CONVERSION = YES;
				GCC_WARN_ABOUT_RETURN_TYPE = YES_ERROR;
				GCC_WARN_UNDECLARED_SELECTOR = YES;
				GCC_WARN_UNINITIALIZED_AUTOS = YES_AGGRESSIVE;
				GCC_WARN_UNUSED_FUNCTION = YES;
				GCC_WARN_UNUSED_VARIABLE = YES;
				IPHONEOS_DEPLOYMENT_TARGET = 12.1;
				MTL_ENABLE_DEBUG_INFO = NO;
				MTL_FAST_MATH = YES;
				SDKROOT = iphoneos;
				SWIFT_COMPILATION_MODE = wholemodule;
				SWIFT_OPTIMIZATION_LEVEL = "-O";
				VALIDATE_PRODUCT = YES;
			};
			name = Release;
		};
		18B5FBE7229D04AE00B6BDBB /* Debug */ = {
			isa = XCBuildConfiguration;
			buildSettings = {
				ASSETCATALOG_COMPILER_APPICON_NAME = AppIcon;
				CODE_SIGN_STYLE = Automatic;
				DEVELOPMENT_TEAM = XN467W38GQ;
				INFOPLIST_FILE = VueSwift/Info.plist;
				LD_RUNPATH_SEARCH_PATHS = (
					"$(inherited)",
					"@executable_path/Frameworks",
				);
				PRODUCT_BUNDLE_IDENTIFIER = com.wyy.scenario.VueSwift;
				PRODUCT_NAME = "$(TARGET_NAME)";
				SWIFT_VERSION = 4.2;
				TARGETED_DEVICE_FAMILY = "1,2";
			};
			name = Debug;
		};
		18B5FBE8229D04AE00B6BDBB /* Release */ = {
			isa = XCBuildConfiguration;
			buildSettings = {
				ASSETCATALOG_COMPILER_APPICON_NAME = AppIcon;
				CODE_SIGN_STYLE = Automatic;
				DEVELOPMENT_TEAM = XN467W38GQ;
				INFOPLIST_FILE = VueSwift/Info.plist;
				LD_RUNPATH_SEARCH_PATHS = (
					"$(inherited)",
					"@executable_path/Frameworks",
				);
				PRODUCT_BUNDLE_IDENTIFIER = com.wyy.scenario.VueSwift;
				PRODUCT_NAME = "$(TARGET_NAME)";
				SWIFT_VERSION = 4.2;
				TARGETED_DEVICE_FAMILY = "1,2";
			};
			name = Release;
		};
		18B5FBEA229D04AE00B6BDBB /* Debug */ = {
			isa = XCBuildConfiguration;
			buildSettings = {
				ALWAYS_EMBED_SWIFT_STANDARD_LIBRARIES = YES;
				BUNDLE_LOADER = "$(TEST_HOST)";
				CODE_SIGN_STYLE = Automatic;
				DEVELOPMENT_TEAM = XN467W38GQ;
				INFOPLIST_FILE = VueSwiftTests/Info.plist;
				LD_RUNPATH_SEARCH_PATHS = (
					"$(inherited)",
					"@executable_path/Frameworks",
					"@loader_path/Frameworks",
				);
				PRODUCT_BUNDLE_IDENTIFIER = com.wyy.scenario.VueSwiftTests;
				PRODUCT_NAME = "$(TARGET_NAME)";
				SWIFT_VERSION = 4.2;
				TARGETED_DEVICE_FAMILY = "1,2";
				TEST_HOST = "$(BUILT_PRODUCTS_DIR)/VueSwift.app/VueSwift";
			};
			name = Debug;
		};
		18B5FBEB229D04AE00B6BDBB /* Release */ = {
			isa = XCBuildConfiguration;
			buildSettings = {
				ALWAYS_EMBED_SWIFT_STANDARD_LIBRARIES = YES;
				BUNDLE_LOADER = "$(TEST_HOST)";
				CODE_SIGN_STYLE = Automatic;
				DEVELOPMENT_TEAM = XN467W38GQ;
				INFOPLIST_FILE = VueSwiftTests/Info.plist;
				LD_RUNPATH_SEARCH_PATHS = (
					"$(inherited)",
					"@executable_path/Frameworks",
					"@loader_path/Frameworks",
				);
				PRODUCT_BUNDLE_IDENTIFIER = com.wyy.scenario.VueSwiftTests;
				PRODUCT_NAME = "$(TARGET_NAME)";
				SWIFT_VERSION = 4.2;
				TARGETED_DEVICE_FAMILY = "1,2";
				TEST_HOST = "$(BUILT_PRODUCTS_DIR)/VueSwift.app/VueSwift";
			};
			name = Release;
		};
		18B5FBED229D04AE00B6BDBB /* Debug */ = {
			isa = XCBuildConfiguration;
			buildSettings = {
				ALWAYS_EMBED_SWIFT_STANDARD_LIBRARIES = YES;
				CODE_SIGN_STYLE = Automatic;
				DEVELOPMENT_TEAM = XN467W38GQ;
				INFOPLIST_FILE = VueSwiftUITests/Info.plist;
				LD_RUNPATH_SEARCH_PATHS = (
					"$(inherited)",
					"@executable_path/Frameworks",
					"@loader_path/Frameworks",
				);
				PRODUCT_BUNDLE_IDENTIFIER = com.wyy.scenario.VueSwiftUITests;
				PRODUCT_NAME = "$(TARGET_NAME)";
				SWIFT_VERSION = 4.2;
				TARGETED_DEVICE_FAMILY = "1,2";
				TEST_TARGET_NAME = VueSwift;
			};
			name = Debug;
		};
		18B5FBEE229D04AE00B6BDBB /* Release */ = {
			isa = XCBuildConfiguration;
			buildSettings = {
				ALWAYS_EMBED_SWIFT_STANDARD_LIBRARIES = YES;
				CODE_SIGN_STYLE = Automatic;
				DEVELOPMENT_TEAM = XN467W38GQ;
				INFOPLIST_FILE = VueSwiftUITests/Info.plist;
				LD_RUNPATH_SEARCH_PATHS = (
					"$(inherited)",
					"@executable_path/Frameworks",
					"@loader_path/Frameworks",
				);
				PRODUCT_BUNDLE_IDENTIFIER = com.wyy.scenario.VueSwiftUITests;
				PRODUCT_NAME = "$(TARGET_NAME)";
				SWIFT_VERSION = 4.2;
				TARGETED_DEVICE_FAMILY = "1,2";
				TEST_TARGET_NAME = VueSwift;
			};
			name = Release;
		};
/* End XCBuildConfiguration section */

/* Begin XCConfigurationList section */
		18B5FBB9229D04A200B6BDBB /* Build configuration list for PBXProject "VueSwift" */ = {
			isa = XCConfigurationList;
			buildConfigurations = (
				18B5FBE4229D04AE00B6BDBB /* Debug */,
				18B5FBE5229D04AE00B6BDBB /* Release */,
			);
			defaultConfigurationIsVisible = 0;
			defaultConfigurationName = Release;
		};
		18B5FBE6229D04AE00B6BDBB /* Build configuration list for PBXNativeTarget "VueSwift" */ = {
			isa = XCConfigurationList;
			buildConfigurations = (
				18B5FBE7229D04AE00B6BDBB /* Debug */,
				18B5FBE8229D04AE00B6BDBB /* Release */,
			);
			defaultConfigurationIsVisible = 0;
			defaultConfigurationName = Release;
		};
		18B5FBE9229D04AE00B6BDBB /* Build configuration list for PBXNativeTarget "VueSwiftTests" */ = {
			isa = XCConfigurationList;
			buildConfigurations = (
				18B5FBEA229D04AE00B6BDBB /* Debug */,
				18B5FBEB229D04AE00B6BDBB /* Release */,
			);
			defaultConfigurationIsVisible = 0;
			defaultConfigurationName = Release;
		};
		18B5FBEC229D04AE00B6BDBB /* Build configuration list for PBXNativeTarget "VueSwiftUITests" */ = {
			isa = XCConfigurationList;
			buildConfigurations = (
				18B5FBED229D04AE00B6BDBB /* Debug */,
				18B5FBEE229D04AE00B6BDBB /* Release */,
			);
			defaultConfigurationIsVisible = 0;
			defaultConfigurationName = Release;
		};
/* End XCConfigurationList section */
	};
	rootObject = 18B5FBB6229D04A200B6BDBB /* Project object */;
}
